{
  "name": "dungeonlife",
  "version": "1.0.0",
  "lockfileVersion": 1,
  "requires": true,
  "dependencies": {
    "@rbxts/services": {
      "version": "1.0.23",
      "resolved": "https://registry.npmjs.org/@rbxts/services/-/services-1.0.23.tgz",
      "integrity": "sha512-grU2H1biLVmjCxhF8KYmpUUDTvowjf/99HS5r8NCsFb8q/MqN80kYYX0gXncYYYfYNGHLbzm8cWwVhb7UyXPHg=="
    },
    "@rbxts/types": {
      "version": "1.0.393",
      "resolved": "https://registry.npmjs.org/@rbxts/types/-/types-1.0.393.tgz",
      "integrity": "sha512-o5AUuLKCuCOeWKV7siQNEy1S1OTTVceMXXc2T0GiS9FPCfSmQ9/wcC8xeoQKXB8vKZoKUlI82muueXXh3oPDgA=="
    }
  }
}
